Microsoft Visual Studio Solution File, Format Version 11.00
# Visual Studio 2008

Project("{402EF985-8A61-8488-A324-2A37B269B8E6}") = "LD48", "Assembly-CSharp-vs.csproj", "{62007550-C472-FEB6-3F66-A1E03E722E4D}"
EndProject
Global
	GlobalSection(SolutionConfigurationPlatforms) = preSolution
		Debug|Any CPU = Debug|Any CPU
		Release|Any CPU = Release|Any CPU
	EndGlobalSection
	GlobalSection(ProjectConfigurationPlatforms) = postSolution
		{62007550-C472-FEB6-3F66-A1E03E722E4D}.Debug|Any CPU.ActiveCfg = Debug|Any CPU
		{62007550-C472-FEB6-3F66-A1E03E722E4D}.Debug|Any CPU.Build.0 = Debug|Any CPU
		{62007550-C472-FEB6-3F66-A1E03E722E4D}.Release|Any CPU.ActiveCfg = Release|Any CPU
		{62007550-C472-FEB6-3F66-A1E03E722E4D}.Release|Any CPU.Build.0 = Release|Any CPU
	EndGlobalSection
	GlobalSection(SolutionProperties) = preSolution
		HideSolutionNode = FALSE
	EndGlobalSection
												GlobalSection(MonoDevelopProperties) = preSolution
		StartupItem = Assembly-CSharp.csproj
		Policies = $0
		$0.TextStylePolicy = $1
		$1.inheritsSet = null
		$1.scope = text/x-csharp
		$0.CSharpFormattingPolicy = $2
		$2.inheritsSet = Mono
		$2.inheritsScope = text/x-csharp
		$2.scope = text/x-csharp
		$0.TextStylePolicy = $3
		$3.FileWidth = 120
		$3.TabWidth = 4
		$3.EolMarker = Unix
		$3.inheritsSet = Mono
		$3.inheritsScope = text/plain
		$3.scope = text/plain
	EndGlobalSection

EndGlobal
